{
  "name": "dotenorio.com",
  "version": "2.0.0",
  "lockfileVersion": 1,
  "requires": true,
  "dependencies": {
    "dotenorio": {
      "version": "1.1.10",
      "resolved": "https://registry.npmjs.org/dotenorio/-/dotenorio-1.1.10.tgz",
      "integrity": "sha512-I9tNmtyUPrM0dtiJkVKHYuhbdOnNpCpxII27DgBbyzjLoPTrQWCKdfPcV2g3Vhj4f60rGlDwRYWM57MTM5Djjw=="
    },
    "is-url": {
      "version": "1.2.4",
      "resolved": "https://registry.npmjs.org/is-url/-/is-url-1.2.4.tgz",
      "integrity": "sha512-ITvGim8FhRiYe4IQ5uHSkj7pVaPDrCTkNd3yq3cV7iZAcJdHTUMPMEHcqSOy9xZ9qFenQCvi+2wjH9a1nXqHww=="
    }
  }
}
