{
  "name": "dotenorio.com",
  "version": "2.0.1",
  "lockfileVersion": 1,
  "requires": true,
  "dependencies": {
    "dotenorio": {
      "version": "1.1.12",
      "resolved": "https://registry.npmjs.org/dotenorio/-/dotenorio-1.1.12.tgz",
      "integrity": "sha512-rybtlkJiQXR+d0CcvD0UUn53QPSxCI6gPpiI319yWyE3osojqtdf7AniDu+Vi9dS3sO83YIR/mPgQhb0Mr2F9g=="
    },
    "is-url": {
      "version": "1.2.4",
      "resolved": "https://registry.npmjs.org/is-url/-/is-url-1.2.4.tgz",
      "integrity": "sha512-ITvGim8FhRiYe4IQ5uHSkj7pVaPDrCTkNd3yq3cV7iZAcJdHTUMPMEHcqSOy9xZ9qFenQCvi+2wjH9a1nXqHww=="
    }
  }
}
